
Microsoft Visual Studio Solution File, Format Version 12.00
# Visual Studio Version 17
VisualStudioVersion = 17.5.33424.131
MinimumVisualStudioVersion = 10.0.40219.1
Project("{FAE04EC0-301F-11D3-BF4B-00C04F79EFBC}") = "Class07_Homework02", "Class07_Homework02\Class07_Homework02.csproj", "{4446F8BE-C9DE-4CB8-B839-390803974D03}"
EndProject
Project("{FAE04EC0-301F-11D3-BF4B-00C04F79EFBC}") = "Class07", "Class07\Class07.csproj", "{AEC3BE41-374D-40A4-8D50-E32B95A6D32D}"
EndProject
Global
	GlobalSection(SolutionConfigurationPlatforms) = preSolution
		Debug|Any CPU = Debug|Any CPU
		Release|Any CPU = Release|Any CPU
	EndGlobalSection
	GlobalSection(ProjectConfigurationPlatforms) = postSolution
		{4446F8BE-C9DE-4CB8-B839-390803974D03}.Debug|Any CPU.ActiveCfg = Debug|Any CPU
		{4446F8BE-C9DE-4CB8-B839-390803974D03}.Debug|Any CPU.Build.0 = Debug|Any CPU
		{4446F8BE-C9DE-4CB8-B839-390803974D03}.Release|Any CPU.ActiveCfg = Release|Any CPU
		{4446F8BE-C9DE-4CB8-B839-390803974D03}.Release|Any CPU.Build.0 = Release|Any CPU
		{AEC3BE41-374D-40A4-8D50-E32B95A6D32D}.Debug|Any CPU.ActiveCfg = Debug|Any CPU
		{AEC3BE41-374D-40A4-8D50-E32B95A6D32D}.Debug|Any CPU.Build.0 = Debug|Any CPU
		{AEC3BE41-374D-40A4-8D50-E32B95A6D32D}.Release|Any CPU.ActiveCfg = Release|Any CPU
		{AEC3BE41-374D-40A4-8D50-E32B95A6D32D}.Release|Any CPU.Build.0 = Release|Any CPU
	EndGlobalSection
	GlobalSection(SolutionProperties) = preSolution
		HideSolutionNode = FALSE
	EndGlobalSection
	GlobalSection(ExtensibilityGlobals) = postSolution
		SolutionGuid = {E4E067FE-253C-4713-AE70-954C80D79AC2}
	EndGlobalSection
EndGlobal
